
Microsoft Visual Studio Solution File, Format Version 12.00
# Visual Studio Version 16
VisualStudioVersion = 16.0.31005.135
MinimumVisualStudioVersion = 10.0.40219.1
Project("{FAE04EC0-301F-11D3-BF4B-00C04F79EFBC}") = "LesTableauxExo2", "LesTableauxExo2.csproj", "{99FC36A5-3984-4F5D-99A6-70AB8E834F6E}"
EndProject
Global
	GlobalSection(SolutionConfigurationPlatforms) = preSolution
		Debug|Any CPU = Debug|Any CPU
		Release|Any CPU = Release|Any CPU
	EndGlobalSection
	GlobalSection(ProjectConfigurationPlatforms) = postSolution
		{99FC36A5-3984-4F5D-99A6-70AB8E834F6E}.Debug|Any CPU.ActiveCfg = Debug|Any CPU
		{99FC36A5-3984-4F5D-99A6-70AB8E834F6E}.Debug|Any CPU.Build.0 = Debug|Any CPU
		{99FC36A5-3984-4F5D-99A6-70AB8E834F6E}.Release|Any CPU.ActiveCfg = Release|Any CPU
		{99FC36A5-3984-4F5D-99A6-70AB8E834F6E}.Release|Any CPU.Build.0 = Release|Any CPU
	EndGlobalSection
	GlobalSection(SolutionProperties) = preSolution
		HideSolutionNode = FALSE
	EndGlobalSection
	GlobalSection(ExtensibilityGlobals) = postSolution
		SolutionGuid = {8BCCCF79-FACA-4558-97AF-7A23EB2BB2B8}
	EndGlobalSection
EndGlobal
